{
  "name": "asd",
  "version": "1.0.0",
  "lockfileVersion": 3,
  "requires": true,
  "packages": {
    "": {
      "name": "asd",
      "version": "1.0.0",
      "license": "ISC",
      "dependencies": {
        "elecrton": "^0.0.1-security"
      }
    },
    "node_modules/elecrton": {
      "version": "0.0.1-security",
      "resolved": "https://registry.npmjs.org/elecrton/-/elecrton-0.0.1-security.tgz",
      "integrity": "sha512-/Y0tfWXCnS4wHEzLAnLBFphxhTC34lI7u1jtFRjIvPejAXk5gxScb9HWqYaUY1kSNDSLyJftQPn4V72LJnFLRg=="
    }
  }
}
